{
	"name": "wj-util",
	"version": "1.0.0",
	"lockfileVersion": 2,
	"requires": true,
	"packages": {
		"": {
			"version": "1.0.0",
			"license": "agpl-3.0-or-later",
			"dependencies": {
				"is-what": "^4.0.0"
			}
		},
		"node_modules/is-what": {
			"version": "4.0.0",
			"resolved": "https://registry.npmjs.org/is-what/-/is-what-4.0.0.tgz",
			"integrity": "sha512-hzJwa+F7fBGYHwJwQqb3UL8YysL5i15pNYsh84s1D3og3Bl9ovFwDoAnV/vd4EPV6C5VnGgVcatFx/cZx4ubCQ==",
			"engines": {
				"node": ">=12.13",
				"npm": ">=7"
			}
		}
	},
	"dependencies": {
		"is-what": {
			"version": "4.0.0",
			"resolved": "https://registry.npmjs.org/is-what/-/is-what-4.0.0.tgz",
			"integrity": "sha512-hzJwa+F7fBGYHwJwQqb3UL8YysL5i15pNYsh84s1D3og3Bl9ovFwDoAnV/vd4EPV6C5VnGgVcatFx/cZx4ubCQ=="
		}
	}
}
