{
    "_readme": [
        "This file locks the dependencies of your project to a known state",
        "Read more about it at https://getcomposer.org/doc/01-basic-usage.md#installing-dependencies",
        "This file is @generated automatically"
    ],
    "content-hash": "4c391821ac8d633c168357a6709e333b",
    "packages": [
        {
            "name": "bluesoul/text_highlighter",
            "version": "1.0.0",
            "source": {
                "type": "git",
                "url": "https://github.com/pxdnbluesoul/Text_Highlighter.git",
                "reference": "d370cde02e53cee3d32b8d119bfe805dc8d76d96"
            },
            "dist": {
                "type": "zip",
                "url": "https://api.github.com/repos/pxdnbluesoul/Text_Highlighter/zipball/d370cde02e53cee3d32b8d119bfe805dc8d76d96",
                "reference": "d370cde02e53cee3d32b8d119bfe805dc8d76d96",
                "shasum": ""
            },
            "require": {
                "pear/pear-core-minimal": "~1.10.0",
                "php": ">=5.4.0"
            },
            "require-dev": {
                "phpunit/phpunit": "@stable"
            },
            "type": "library",
            "autoload": {
                "psr-0": {
                    "Text": "./"
                }
            },
            "notification-url": "https://packagist.org/downloads/",
            "include-path": [
                "./"
            ],
            "license": [
                "PHP-3.01"
            ],
            "authors": [
                {
                    "name": "bluesoul",
                    "email": "github@nags.me",
                    "role": "Lead"
                }
            ],
            "description": "Text_Highlighter with a fix for the [] operator fatal error in PHP >= 7.2. More info available on: http://pear.php.net/package/Text_Highlighter",
            "time": "2020-06-15T15:54:00+00:00"
        },
        {
            "name": "cerdic/css-tidy",
            "version": "v1.7.1",
            "source": {
                "type": "git",
                "url": "https://github.com/Cerdic/CSSTidy.git",
                "reference": "47bc70fc6d78a37cb91f9df4518585a9e62b565a"
            },
            "dist": {
                "type": "zip",
                "url": "https://api.github.com/repos/Cerdic/CSSTidy/zipball/47bc70fc6d78a37cb91f9df4518585a9e62b565a",
                "reference": "47bc70fc6d78a37cb91f9df4518585a9e62b565a",
                "shasum": ""
            },
            "require": {
                "php": "^5.4.0 || ^7"
            },
            "require-dev": {
                "pear/text_diff": "^1.2",
                "simpletest/simpletest": "^1.1"
            },
            "bin": [
                "bin/pcsstidy"
            ],
            "type": "library",
            "autoload": {
                "classmap": [
                    "class.csstidy_optimise.php",
                    "class.csstidy_print.php",
                    "class.csstidy.php"
                ]
            },
            "notification-url": "https://packagist.org/downloads/",
            "license": [
                "LGPL-2.1-or-later"
            ],
            "authors": [
                {
                    "name": "Cédric MORIN",
                    "email": "changeme@mailinator.com"
                }
            ],
            "description": "CSSTidy is a CSS minifier",
            "time": "2019-09-14T17:59:23+00:00"
        },
        {
            "name": "ezyang/htmlpurifier",
            "version": "v4.12.0",
            "source": {
                "type": "git",
                "url": "https://github.com/ezyang/htmlpurifier.git",
                "reference": "a617e55bc62a87eec73bd456d146d134ad716f03"
            },
            "dist": {
                "type": "zip",
                "url": "https://api.github.com/repos/ezyang/htmlpurifier/zipball/a617e55bc62a87eec73bd456d146d134ad716f03",
                "reference": "a617e55bc62a87eec73bd456d146d134ad716f03",
                "shasum": ""
            },
            "require": {
                "php": ">=5.2"
            },
            "require-dev": {
                "simpletest/simpletest": "dev-master#72de02a7b80c6bb8864ef9bf66d41d2f58f826bd"
            },
            "type": "library",
            "autoload": {
                "psr-0": {
                    "HTMLPurifier": "library/"
                },
                "files": [
                    "library/HTMLPurifier.composer.php"
                ]
            },
            "notification-url": "https://packagist.org/downloads/",
            "license": [
                "LGPL-2.1-or-later"
            ],
            "authors": [
                {
                    "name": "Edward Z. Yang",
                    "email": "admin@htmlpurifier.org",
                    "homepage": "http://ezyang.com"
                }
            ],
            "description": "Standards compliant HTML filter written in PHP",
            "homepage": "http://htmlpurifier.org/",
            "keywords": [
                "html"
            ],
            "time": "2019-10-28T03:44:26+00:00"
        },
        {
            "name": "pear/console_getopt",
            "version": "v1.4.3",
            "source": {
                "type": "git",
                "url": "https://github.com/pear/Console_Getopt.git",
                "reference": "a41f8d3e668987609178c7c4a9fe48fecac53fa0"
            },
            "dist": {
                "type": "zip",
                "url": "https://api.github.com/repos/pear/Console_Getopt/zipball/a41f8d3e668987609178c7c4a9fe48fecac53fa0",
                "reference": "a41f8d3e668987609178c7c4a9fe48fecac53fa0",
                "shasum": ""
            },
            "type": "library",
            "autoload": {
                "psr-0": {
                    "Console": "./"
                }
            },
            "notification-url": "https://packagist.org/downloads/",
            "include-path": [
                "./"
            ],
            "license": [
                "BSD-2-Clause"
            ],
            "authors": [
                {
                    "name": "Andrei Zmievski",
                    "email": "andrei@php.net",
                    "role": "Lead"
                },
                {
                    "name": "Stig Bakken",
                    "email": "stig@php.net",
                    "role": "Developer"
                },
                {
                    "name": "Greg Beaver",
                    "email": "cellog@php.net",
                    "role": "Helper"
                }
            ],
            "description": "More info available on: http://pear.php.net/package/Console_Getopt",
            "time": "2019-11-20T18:27:48+00:00"
        },
        {
            "name": "pear/pear-core-minimal",
            "version": "v1.10.10",
            "source": {
                "type": "git",
                "url": "https://github.com/pear/pear-core-minimal.git",
                "reference": "625a3c429d9b2c1546438679074cac1b089116a7"
            },
            "dist": {
                "type": "zip",
                "url": "https://api.github.com/repos/pear/pear-core-minimal/zipball/625a3c429d9b2c1546438679074cac1b089116a7",
                "reference": "625a3c429d9b2c1546438679074cac1b089116a7",
                "shasum": ""
            },
            "require": {
                "pear/console_getopt": "~1.4",
                "pear/pear_exception": "~1.0"
            },
            "replace": {
                "rsky/pear-core-min": "self.version"
            },
            "type": "library",
            "autoload": {
                "psr-0": {
                    "": "src/"
                }
            },
            "notification-url": "https://packagist.org/downloads/",
            "include-path": [
                "src/"
            ],
            "license": [
                "BSD-3-Clause"
            ],
            "authors": [
                {
                    "name": "Christian Weiske",
                    "email": "cweiske@php.net",
                    "role": "Lead"
                }
            ],
            "description": "Minimal set of PEAR core files to be used as composer dependency",
            "time": "2019-11-19T19:00:24+00:00"
        },
        {
            "name": "pear/pear_exception",
            "version": "v1.0.1",
            "source": {
                "type": "git",
                "url": "https://github.com/pear/PEAR_Exception.git",
                "reference": "dbb42a5a0e45f3adcf99babfb2a1ba77b8ac36a7"
            },
            "dist": {
                "type": "zip",
                "url": "https://api.github.com/repos/pear/PEAR_Exception/zipball/dbb42a5a0e45f3adcf99babfb2a1ba77b8ac36a7",
                "reference": "dbb42a5a0e45f3adcf99babfb2a1ba77b8ac36a7",
                "shasum": ""
            },
            "require": {
                "php": ">=4.4.0"
            },
            "require-dev": {
                "phpunit/phpunit": "*"
            },
            "type": "class",
            "extra": {
                "branch-alias": {
                    "dev-master": "1.0.x-dev"
                }
            },
            "autoload": {
                "classmap": [
                    "PEAR/"
                ]
            },
            "notification-url": "https://packagist.org/downloads/",
            "include-path": [
                "."
            ],
            "license": [
                "BSD-2-Clause"
            ],
            "authors": [
                {
                    "name": "Helgi Thormar",
                    "email": "dufuz@php.net"
                },
                {
                    "name": "Greg Beaver",
                    "email": "cellog@php.net"
                }
            ],
            "description": "The PEAR Exception base class.",
            "homepage": "https://github.com/pear/PEAR_Exception",
            "keywords": [
                "exception"
            ],
            "time": "2019-12-10T10:24:42+00:00"
        },
        {
            "name": "scpwiki/magpierss",
            "version": "1.0.0",
            "source": {
                "type": "git",
                "url": "https://github.com/scpwiki/magpierss.git",
                "reference": "08fa4160364f095c92fd6dfed91e4267d0a1a822"
            },
            "dist": {
                "type": "zip",
                "url": "https://api.github.com/repos/scpwiki/magpierss/zipball/08fa4160364f095c92fd6dfed91e4267d0a1a822",
                "reference": "08fa4160364f095c92fd6dfed91e4267d0a1a822",
                "shasum": ""
            },
            "type": "library",
            "autoload": {
                "classmap": [
                    "rss_cache.inc",
                    "rss_fetch.inc",
                    "rss_parse.inc",
                    "rss_utils.inc",
                    "extlib/Snoopy.class.inc"
                ]
            },
            "notification-url": "https://packagist.org/downloads/",
            "license": [
                "LGPL-2.1-or-later"
            ],
            "authors": [
                {
                    "name": "bluesoul",
                    "email": "github@nags.me",
                    "role": "maintainer"
                }
            ],
            "description": "Legacy version of Wikidot's onboard magpierss v0.72.",
            "time": "2020-06-23T21:26:54+00:00"
        },
        {
            "name": "scpwiki/ozoneframework",
            "version": "1.0.1",
            "source": {
                "type": "git",
                "url": "https://github.com/scpwiki/ozoneframework.git",
                "reference": "a7d4c41866186ce87659b1dde5b208284395912b"
            },
            "dist": {
                "type": "zip",
                "url": "https://api.github.com/repos/scpwiki/ozoneframework/zipball/a7d4c41866186ce87659b1dde5b208284395912b",
                "reference": "a7d4c41866186ce87659b1dde5b208284395912b",
                "shasum": ""
            },
            "type": "library",
            "autoload": {
                "classmap": [
                    "php/"
                ]
            },
            "notification-url": "https://packagist.org/downloads/",
            "license": [
                "LGPL-2.1-or-later"
            ],
            "authors": [
                {
                    "name": "bluesoul",
                    "email": "github@nags.me",
                    "role": "maintainer"
                }
            ],
            "description": "Legacy and future builds of the Ozone framework, originally packaged for wikidot.org.",
            "time": "2020-06-23T22:22:47+00:00"
        },
        {
            "name": "scpwiki/phpflickr",
            "version": "1.0.0",
            "source": {
                "type": "git",
                "url": "https://github.com/scpwiki/phpflickr.git",
                "reference": "bc809c6365c2fb8dde6b6d8e7c81d554b2a34ed8"
            },
            "dist": {
                "type": "zip",
                "url": "https://api.github.com/repos/scpwiki/phpflickr/zipball/bc809c6365c2fb8dde6b6d8e7c81d554b2a34ed8",
                "reference": "bc809c6365c2fb8dde6b6d8e7c81d554b2a34ed8",
                "shasum": ""
            },
            "type": "library",
            "autoload": {
                "classmap": [
                    "phpFlickr.php",
                    "xml.php",
                    "xml_saxy_parser.php"
                ]
            },
            "notification-url": "https://packagist.org/downloads/",
            "license": [
                "GPL-3.0-or-later"
            ],
            "authors": [
                {
                    "name": "bluesoul",
                    "email": "github@nags.me",
                    "role": "maintainer"
                }
            ],
            "description": "Legacy version of onboard phpFlickr for Wikijump use.",
            "time": "2020-06-23T22:01:51+00:00"
        },
        {
            "name": "scpwiki/phpmailer",
            "version": "1.0.0",
            "source": {
                "type": "git",
                "url": "https://github.com/scpwiki/phpmailer.git",
                "reference": "8a1b6d6f243327ad574a023bb2f0bfe462df8469"
            },
            "dist": {
                "type": "zip",
                "url": "https://api.github.com/repos/scpwiki/phpmailer/zipball/8a1b6d6f243327ad574a023bb2f0bfe462df8469",
                "reference": "8a1b6d6f243327ad574a023bb2f0bfe462df8469",
                "shasum": ""
            },
            "type": "library",
            "autoload": {
                "classmap": [
                    "class.phpmailer.php",
                    "class.pop3.php",
                    "class.smtp.php"
                ]
            },
            "notification-url": "https://packagist.org/downloads/",
            "license": [
                "LGPL-3.0-or-later"
            ],
            "authors": [
                {
                    "name": "bluesoul",
                    "email": "github@nags.me",
                    "role": "maintainer"
                }
            ],
            "description": "Legacy version of phpmailer 2.0.0 rc1 for Wikijump use.",
            "time": "2020-06-23T22:15:22+00:00"
        },
        {
            "name": "scpwiki/services_json",
            "version": "1.0.0",
            "source": {
                "type": "git",
                "url": "https://github.com/scpwiki/Services_JSON.git",
                "reference": "4138001eff629ae6a38c49d88fe9cd2cda9e5692"
            },
            "dist": {
                "type": "zip",
                "url": "https://api.github.com/repos/scpwiki/Services_JSON/zipball/4138001eff629ae6a38c49d88fe9cd2cda9e5692",
                "reference": "4138001eff629ae6a38c49d88fe9cd2cda9e5692",
                "shasum": ""
            },
            "type": "library",
            "autoload": {
                "classmap": [
                    "JSON.php"
                ]
            },
            "notification-url": "https://packagist.org/downloads/",
            "license": [
                "BSD-2-Clause"
            ],
            "authors": [
                {
                    "name": "bluesoul",
                    "email": "github@nags.me",
                    "role": "maintainer"
                }
            ],
            "description": "Legacy version of PEAR/Services_JSON for Wikijump use.",
            "time": "2020-06-23T20:43:43+00:00"
        },
        {
            "name": "scpwiki/text_wiki",
            "version": "1.0.0",
            "source": {
                "type": "git",
                "url": "https://github.com/scpwiki/text_wiki.git",
                "reference": "c10e8b2e19f60697d5fa29530d6d02db46dbccba"
            },
            "dist": {
                "type": "zip",
                "url": "https://api.github.com/repos/scpwiki/text_wiki/zipball/c10e8b2e19f60697d5fa29530d6d02db46dbccba",
                "reference": "c10e8b2e19f60697d5fa29530d6d02db46dbccba",
                "shasum": ""
            },
            "type": "library",
            "autoload": {
                "classmap": [
                    "Text/"
                ]
            },
            "notification-url": "https://packagist.org/downloads/",
            "license": [
                "LGPL-2.1-or-later"
            ],
            "authors": [
                {
                    "name": "bluesoul",
                    "email": "github@nags.me",
                    "role": "maintainer"
                }
            ],
            "description": "The Text_Wiki library used for Wikidot and Wikijump.",
            "time": "2020-06-23T22:37:27+00:00"
        },
        {
            "name": "scpwiki/zf",
            "version": "1.0.0",
            "source": {
                "type": "git",
                "url": "https://github.com/scpwiki/zf.git",
                "reference": "4ed6db16477f47a5db0ec0efe1eaeeb20fc65376"
            },
            "dist": {
                "type": "zip",
                "url": "https://api.github.com/repos/scpwiki/zf/zipball/4ed6db16477f47a5db0ec0efe1eaeeb20fc65376",
                "reference": "4ed6db16477f47a5db0ec0efe1eaeeb20fc65376",
                "shasum": ""
            },
            "type": "library",
            "autoload": {
                "classmap": [
                    "library/"
                ]
            },
            "notification-url": "https://packagist.org/downloads/",
            "license": [
                "BSD-3-Clause"
            ],
            "authors": [
                {
                    "name": "bluesoul",
                    "email": "github@nags.me",
                    "role": "maintainer"
                }
            ],
            "description": "Legacy version of Zend Framework 1.7.2 for Wikijump use.",
            "time": "2020-06-23T22:53:40+00:00"
        },
        {
            "name": "smarty/smarty",
            "version": "v2.6.31",
            "source": {
                "type": "git",
                "url": "https://github.com/smarty-php/smarty.git",
                "reference": "4ab9757b492f08a38f68123a6e7c1df7110bbc49"
            },
            "dist": {
                "type": "zip",
                "url": "https://api.github.com/repos/smarty-php/smarty/zipball/4ab9757b492f08a38f68123a6e7c1df7110bbc49",
                "reference": "4ab9757b492f08a38f68123a6e7c1df7110bbc49",
                "shasum": ""
            },
            "require": {
                "php": ">=5.2"
            },
            "type": "library",
            "extra": {
                "branch-alias": {
                    "dev-master": "2.6.x-dev"
                }
            },
            "autoload": {
                "classmap": [
                    "libs/Smarty.class.php",
                    "libs/Smarty_Compiler.class.php",
                    "libs/Config_File.class.php"
                ]
            },
            "notification-url": "https://packagist.org/downloads/",
            "license": [
                "LGPL-3.0"
            ],
            "authors": [
                {
                    "name": "Monte Ohrt",
                    "email": "monte@ohrt.com"
                },
                {
                    "name": "Uwe Tews",
                    "email": "uwe.tews@googlemail.com"
                }
            ],
            "description": "Smarty - the compiling PHP template engine",
            "homepage": "http://www.smarty.net",
            "keywords": [
                "templating"
            ],
            "time": "2017-11-03T06:39:13+00:00"
        }
    ],
    "packages-dev": [],
    "aliases": [],
    "minimum-stability": "stable",
    "stability-flags": [],
    "prefer-stable": false,
    "prefer-lowest": false,
    "platform": [],
    "platform-dev": [],
    "plugin-api-version": "1.1.0"
}
