{
	"name": "dev-sandbox",
	"version": "1.0.0",
	"lockfileVersion": 2,
	"requires": true,
	"packages": {
		"": {
			"version": "1.0.0",
			"license": "agpl-3.0-or-later",
			"dependencies": {
				"svelte": "^3.37.0"
			}
		},
		"node_modules/svelte": {
			"version": "3.37.0",
			"resolved": "https://registry.npmjs.org/svelte/-/svelte-3.37.0.tgz",
			"integrity": "sha512-TRF30F4W4+d+Jr2KzUUL1j8Mrpns/WM/WacxYlo5MMb2E5Qy2Pk1Guj6GylxsW9OnKQl1tnF8q3hG/hQ3h6VUA==",
			"engines": {
				"node": ">= 8"
			}
		}
	},
	"dependencies": {
		"svelte": {
			"version": "3.37.0",
			"resolved": "https://registry.npmjs.org/svelte/-/svelte-3.37.0.tgz",
			"integrity": "sha512-TRF30F4W4+d+Jr2KzUUL1j8Mrpns/WM/WacxYlo5MMb2E5Qy2Pk1Guj6GylxsW9OnKQl1tnF8q3hG/hQ3h6VUA=="
		}
	}
}
