{
	"name": "cm-lang-ftml",
	"version": "0.0.0",
	"lockfileVersion": 2,
	"requires": true,
	"packages": {
		"": {
			"version": "0.0.0",
			"license": "agpl-3.0-or-later",
			"dependencies": {
				"@codemirror/autocomplete": "^0.18.5",
				"@codemirror/highlight": "^0.18.3",
				"@codemirror/language": "^0.18.1",
				"@codemirror/language-data": "^0.18.0",
				"@codemirror/lint": "^0.18.2",
				"@codemirror/state": "^0.18.7",
				"lezer-tree": "^0.13.2"
			}
		},
		"node_modules/@codemirror/autocomplete": {
			"version": "0.18.5",
			"resolved": "https://registry.npmjs.org/@codemirror/autocomplete/-/autocomplete-0.18.5.tgz",
			"integrity": "sha512-Zp/HMTwvaP4B01HQx+5Ga0xBBLAwNaAlbALip355NPRBkYX9PZheX5b/F5IUAdI6kIrF2eYz1xAOChXgYg9maw==",
			"dependencies": {
				"@codemirror/language": "^0.18.0",
				"@codemirror/state": "^0.18.0",
				"@codemirror/text": "^0.18.0",
				"@codemirror/tooltip": "^0.18.4",
				"@codemirror/view": "^0.18.0",
				"lezer-tree": "^0.13.0"
			}
		},
		"node_modules/@codemirror/highlight": {
			"version": "0.18.3",
			"resolved": "https://registry.npmjs.org/@codemirror/highlight/-/highlight-0.18.3.tgz",
			"integrity": "sha512-NmRmkmWl8ht6Y6Y39ghov84AMPCqhUPIH9fmILs2NaWxZFZf4jGCTzrULnmREGsTie+26+LbKUncIU+PBu1Qng==",
			"dependencies": {
				"@codemirror/language": "^0.18.0",
				"@codemirror/rangeset": "^0.18.0",
				"@codemirror/state": "^0.18.0",
				"@codemirror/view": "^0.18.0",
				"lezer-tree": "^0.13.0",
				"style-mod": "^4.0.0"
			}
		},
		"node_modules/@codemirror/lang-cpp": {
			"version": "0.18.0",
			"resolved": "https://registry.npmjs.org/@codemirror/lang-cpp/-/lang-cpp-0.18.0.tgz",
			"integrity": "sha512-YWUXBtM1yPZmWz+CvLjz6JjKALq90hGSgFgWgOYJDHd92YZIQ7DjImaeZaKHFTG1ZE8RACoQzznPcG5XMGbgWQ==",
			"dependencies": {
				"@codemirror/highlight": "^0.18.0",
				"@codemirror/language": "^0.18.0",
				"lezer-cpp": "^0.13.0"
			}
		},
		"node_modules/@codemirror/lang-css": {
			"version": "0.18.0",
			"resolved": "https://registry.npmjs.org/@codemirror/lang-css/-/lang-css-0.18.0.tgz",
			"integrity": "sha512-kkU4Ug387eJoCTDDkMbXrcPBMiJ0lFWbvDaFHIuJtrMgDXJzSQ/ehx6Ife5PUBfuLU/x1JQUBdmXhW1TJzfHug==",
			"dependencies": {
				"@codemirror/autocomplete": "^0.18.0",
				"@codemirror/highlight": "^0.18.0",
				"@codemirror/language": "^0.18.0",
				"@codemirror/state": "^0.18.0",
				"lezer-css": "^0.13.0"
			}
		},
		"node_modules/@codemirror/lang-html": {
			"version": "0.18.0",
			"resolved": "https://registry.npmjs.org/@codemirror/lang-html/-/lang-html-0.18.0.tgz",
			"integrity": "sha512-KIY4fDV6/ZTgpVBTI2O09kefTqhfPBlaN6e7Lw1JlaYwPL4kXvfDgyWilIwwTDksiLhB8LPbpS50rh2drxpV+Q==",
			"dependencies": {
				"@codemirror/autocomplete": "^0.18.0",
				"@codemirror/highlight": "^0.18.0",
				"@codemirror/lang-css": "^0.18.0",
				"@codemirror/lang-javascript": "^0.18.0",
				"@codemirror/language": "^0.18.0",
				"@codemirror/state": "^0.18.0",
				"lezer-html": "^0.13.0",
				"lezer-tree": "^0.13.0"
			}
		},
		"node_modules/@codemirror/lang-java": {
			"version": "0.18.0",
			"resolved": "https://registry.npmjs.org/@codemirror/lang-java/-/lang-java-0.18.0.tgz",
			"integrity": "sha512-+lPhCEfwZ+3L39cRNbeRFm/bDbHHAnz/7t+OIVdjD7tsXrOtmJw98B8Te1ICINKd02ot0QBvuCN3/KQUd0RZuQ==",
			"dependencies": {
				"@codemirror/highlight": "^0.18.0",
				"@codemirror/language": "^0.18.0",
				"lezer-java": "^0.13.0"
			}
		},
		"node_modules/@codemirror/lang-javascript": {
			"version": "0.18.0",
			"resolved": "https://registry.npmjs.org/@codemirror/lang-javascript/-/lang-javascript-0.18.0.tgz",
			"integrity": "sha512-4KOkwXED9v39c17pIWoy+WKrNAYaKnAR/RRF8QZIqpuYjnMwGTe7GxMKKdq7E557fGzCVr7m34Qy7Gkhr5B41g==",
			"dependencies": {
				"@codemirror/autocomplete": "^0.18.0",
				"@codemirror/highlight": "^0.18.0",
				"@codemirror/language": "^0.18.0",
				"@codemirror/lint": "^0.18.0",
				"@codemirror/state": "^0.18.0",
				"@codemirror/view": "^0.18.0",
				"lezer-javascript": "^0.13.0"
			}
		},
		"node_modules/@codemirror/lang-json": {
			"version": "0.18.0",
			"resolved": "https://registry.npmjs.org/@codemirror/lang-json/-/lang-json-0.18.0.tgz",
			"integrity": "sha512-1xquwhwrocZEcURmccMYk1C3g2oj6mu0np1LT1dDGmvd/VVXC0Z9j6NV78zCSyJCIdL2y+RRBh4LVWW6J6NU6Q==",
			"dependencies": {
				"@codemirror/highlight": "^0.18.0",
				"@codemirror/language": "^0.18.0",
				"lezer-json": "^0.13.0"
			}
		},
		"node_modules/@codemirror/lang-markdown": {
			"version": "0.18.1",
			"resolved": "https://registry.npmjs.org/@codemirror/lang-markdown/-/lang-markdown-0.18.1.tgz",
			"integrity": "sha512-HthOPpA0zZivpScNno33KmFZbZ73JEwGeSNj5lKutyAyqSEpE4ALlVv0LdfI6YjzgtUH3MsctQyUhvZrJngKRQ==",
			"dependencies": {
				"@codemirror/highlight": "^0.18.0",
				"@codemirror/lang-html": "^0.18.0",
				"@codemirror/language": "^0.18.1",
				"@codemirror/state": "^0.18.0",
				"@codemirror/view": "^0.18.0",
				"lezer-markdown": "^0.14.3",
				"lezer-tree": "^0.13.0"
			}
		},
		"node_modules/@codemirror/lang-python": {
			"version": "0.18.0",
			"resolved": "https://registry.npmjs.org/@codemirror/lang-python/-/lang-python-0.18.0.tgz",
			"integrity": "sha512-SZrt+TXD3uih4Cb8lTm7yt7JLIqehgI77PdGQXlPcYB/LHQdOuOPzXOXf8jqu/K+PRN72BFxfvb13teaxdERaQ==",
			"dependencies": {
				"@codemirror/highlight": "^0.18.0",
				"@codemirror/language": "^0.18.0",
				"lezer-python": "^0.13.0"
			}
		},
		"node_modules/@codemirror/lang-rust": {
			"version": "0.18.0",
			"resolved": "https://registry.npmjs.org/@codemirror/lang-rust/-/lang-rust-0.18.0.tgz",
			"integrity": "sha512-qlzSzDmiUr4UsgQvyRSchMC4xZGX/1FfsikWOC/NL4m7peqlZLWrvzve0z/WNsLvbEC/E+GiiftxdUsqFYsJAg==",
			"dependencies": {
				"@codemirror/highlight": "^0.18.0",
				"@codemirror/language": "^0.18.0",
				"lezer-rust": "^0.13.0"
			}
		},
		"node_modules/@codemirror/lang-sql": {
			"version": "0.18.0",
			"resolved": "https://registry.npmjs.org/@codemirror/lang-sql/-/lang-sql-0.18.0.tgz",
			"integrity": "sha512-jNzpfiZLo0vTv/7KoJ7mzukuDhUSh3p1csR8ZXhZolEhp9bXyN4BwravbfoiiAdsiX9N8w65yd03EIlBUL0zHQ==",
			"dependencies": {
				"@codemirror/autocomplete": "^0.18.0",
				"@codemirror/highlight": "^0.18.0",
				"@codemirror/language": "^0.18.0",
				"@codemirror/state": "^0.18.0",
				"lezer": "^0.13.0"
			}
		},
		"node_modules/@codemirror/lang-xml": {
			"version": "0.18.0",
			"resolved": "https://registry.npmjs.org/@codemirror/lang-xml/-/lang-xml-0.18.0.tgz",
			"integrity": "sha512-zME4OKbi1oXFhCslUW2VxIPTJFUb102ZOxszzlYbqtwuxXZFAhf/273Wy3C2diAcILRySO7Pv1qxTPnoIsJYYg==",
			"dependencies": {
				"@codemirror/autocomplete": "^0.18.0",
				"@codemirror/highlight": "^0.18.0",
				"@codemirror/language": "^0.18.0",
				"@codemirror/state": "^0.18.0",
				"lezer-tree": "^0.13.0",
				"lezer-xml": "^0.13.0"
			}
		},
		"node_modules/@codemirror/language": {
			"version": "0.18.1",
			"resolved": "https://registry.npmjs.org/@codemirror/language/-/language-0.18.1.tgz",
			"integrity": "sha512-j/TWV8sNmzU79kk/hPLb9NqSPoH59850kQSpgY11LxOEBlKVRKgaWabgNtUCSeVCAnfisGekupk3aq2ftILqug==",
			"dependencies": {
				"@codemirror/state": "^0.18.0",
				"@codemirror/text": "^0.18.0",
				"@codemirror/view": "^0.18.0",
				"lezer": "^0.13.4",
				"lezer-tree": "^0.13.0"
			}
		},
		"node_modules/@codemirror/language-data": {
			"version": "0.18.0",
			"resolved": "https://registry.npmjs.org/@codemirror/language-data/-/language-data-0.18.0.tgz",
			"integrity": "sha512-tmdBV7KInrz/F4PSyy0CKOueETwuFxLnfa9KKPyhG8BbvwjriXAJalMvV4udRCq0AcpNej3ifzAitNtL+vW11A==",
			"dependencies": {
				"@codemirror/lang-cpp": "^0.18.0",
				"@codemirror/lang-css": "^0.18.0",
				"@codemirror/lang-html": "^0.18.0",
				"@codemirror/lang-java": "^0.18.0",
				"@codemirror/lang-javascript": "^0.18.0",
				"@codemirror/lang-json": "^0.18.0",
				"@codemirror/lang-markdown": "^0.18.0",
				"@codemirror/lang-python": "^0.18.0",
				"@codemirror/lang-rust": "^0.18.0",
				"@codemirror/lang-sql": "^0.18.0",
				"@codemirror/lang-xml": "^0.18.0",
				"@codemirror/language": "^0.18.0",
				"@codemirror/legacy-modes": "^0.18.0",
				"@codemirror/stream-parser": "^0.18.0"
			}
		},
		"node_modules/@codemirror/legacy-modes": {
			"version": "0.18.0",
			"resolved": "https://registry.npmjs.org/@codemirror/legacy-modes/-/legacy-modes-0.18.0.tgz",
			"integrity": "sha512-ME/FnBTRf+nriCB1Racmwhl3tSSnIOobhLyK0kOX6mogKdcdkRxSVpeo1fAC8DddsXqi/NKRn8GUr/vUiHefdg==",
			"dependencies": {
				"@codemirror/stream-parser": "^0.18.0"
			}
		},
		"node_modules/@codemirror/lint": {
			"version": "0.18.2",
			"resolved": "https://registry.npmjs.org/@codemirror/lint/-/lint-0.18.2.tgz",
			"integrity": "sha512-WUZdlWNqwF6OIJFD/n3Pfsi1R3eIYrAmnnFhfEBUI/ftBh8RqjqOoPJvctHm++re85cwWzXSSZgSWxzse11PSA==",
			"dependencies": {
				"@codemirror/panel": "^0.18.1",
				"@codemirror/state": "^0.18.0",
				"@codemirror/tooltip": "^0.18.4",
				"@codemirror/view": "^0.18.0",
				"crelt": "^1.0.5"
			}
		},
		"node_modules/@codemirror/panel": {
			"version": "0.18.1",
			"resolved": "https://registry.npmjs.org/@codemirror/panel/-/panel-0.18.1.tgz",
			"integrity": "sha512-5Zo9cUw0QDlFzX4nhIDYjTARPOnPk5rzxAUQo1O35kTLV+6zRh7wsGlvU7VrZnBcIoaAmHfKrZ4lt6+h7fbFGw==",
			"dependencies": {
				"@codemirror/state": "^0.18.0",
				"@codemirror/view": "^0.18.0"
			}
		},
		"node_modules/@codemirror/rangeset": {
			"version": "0.18.0",
			"resolved": "https://registry.npmjs.org/@codemirror/rangeset/-/rangeset-0.18.0.tgz",
			"integrity": "sha512-+dpK3T6EFv2vkoAc3sTZld0N5SHZDjD3YowFYuMWn0Xw3t+u6k+JZlGBuaFTXdsLeF0auclsm0XhRUpMVuXhTg==",
			"dependencies": {
				"@codemirror/state": "^0.18.0"
			}
		},
		"node_modules/@codemirror/state": {
			"version": "0.18.7",
			"resolved": "https://registry.npmjs.org/@codemirror/state/-/state-0.18.7.tgz",
			"integrity": "sha512-cVyTiAC9vv90NKmGOfNtBjyIem3BqKui1L5Hfcxurp8K9votQj2oH9COcgWPnQ2Xs64yC70tEuTt9DF1pj5PFQ==",
			"dependencies": {
				"@codemirror/text": "^0.18.0"
			}
		},
		"node_modules/@codemirror/stream-parser": {
			"version": "0.18.2",
			"resolved": "https://registry.npmjs.org/@codemirror/stream-parser/-/stream-parser-0.18.2.tgz",
			"integrity": "sha512-3RTRmhIixcC2ps/G8So+BL0qJkwaspjyYt4smVYlSn4eNbxGK9K2RCnSmOPRv0SkuQMu3oUFbprFI/SbtZrPKg==",
			"dependencies": {
				"@codemirror/highlight": "^0.18.0",
				"@codemirror/language": "^0.18.0",
				"@codemirror/state": "^0.18.0",
				"@codemirror/text": "^0.18.0",
				"lezer": "^0.13.0",
				"lezer-tree": "^0.13.0"
			}
		},
		"node_modules/@codemirror/text": {
			"version": "0.18.0",
			"resolved": "https://registry.npmjs.org/@codemirror/text/-/text-0.18.0.tgz",
			"integrity": "sha512-HMzHNIAbjCiCf3tEJMRg6ul01KPuXxQGNiHlHgAnqPguq/CX+L4Nvj5JlWQAI91Pupk18zhmM1c6eaazX4YeTg=="
		},
		"node_modules/@codemirror/tooltip": {
			"version": "0.18.4",
			"resolved": "https://registry.npmjs.org/@codemirror/tooltip/-/tooltip-0.18.4.tgz",
			"integrity": "sha512-LDlDOSEfjoG24uapLN7exK3Z3JchYFKUwWqo1x/9YdlAkmD1ik7cMSQZboCquP1uJVcXhtbpKmaO6vENGVaarg==",
			"dependencies": {
				"@codemirror/state": "^0.18.0",
				"@codemirror/view": "^0.18.0"
			}
		},
		"node_modules/@codemirror/view": {
			"version": "0.18.8",
			"resolved": "https://registry.npmjs.org/@codemirror/view/-/view-0.18.8.tgz",
			"integrity": "sha512-vzP8oUBiLMbl5OCWUMGQdYtonk0tt9eUzi/xEDpYmo8Ao48/49fxPQUqBpUwy5Rcce9kUnkTi6r44iJKsEHpmg==",
			"dependencies": {
				"@codemirror/rangeset": "^0.18.0",
				"@codemirror/state": "^0.18.0",
				"@codemirror/text": "^0.18.0",
				"style-mod": "^4.0.0",
				"w3c-keyname": "^2.2.4"
			}
		},
		"node_modules/crelt": {
			"version": "1.0.5",
			"resolved": "https://registry.npmjs.org/crelt/-/crelt-1.0.5.tgz",
			"integrity": "sha512-+BO9wPPi+DWTDcNYhr/W90myha8ptzftZT+LwcmUbbok0rcP/fequmFYCw8NMoH7pkAZQzU78b3kYrlua5a9eA=="
		},
		"node_modules/lezer": {
			"version": "0.13.4",
			"resolved": "https://registry.npmjs.org/lezer/-/lezer-0.13.4.tgz",
			"integrity": "sha512-cLQxUVY28VBBqKBt/R8CYeH57KQnIvscAnoahzvhlZTK8qxMkIyGExR6ecEpYYDX06ZhROZrEm1IiPvjLAsTig==",
			"dependencies": {
				"lezer-tree": "^0.13.2"
			}
		},
		"node_modules/lezer-cpp": {
			"version": "0.13.2",
			"resolved": "https://registry.npmjs.org/lezer-cpp/-/lezer-cpp-0.13.2.tgz",
			"integrity": "sha512-YVlFzs2jkX6nRBu5ivDm1b0pNLmPgQv0rXuLkDZyc+TSdAirtDixANlT00FCOLOGbxIS/1V2Rx5i4/X+lGgOKQ==",
			"dependencies": {
				"lezer": "^0.13.0"
			}
		},
		"node_modules/lezer-css": {
			"version": "0.13.1",
			"resolved": "https://registry.npmjs.org/lezer-css/-/lezer-css-0.13.1.tgz",
			"integrity": "sha512-ke56tjG17IZ+EFiY50P2WinjhgZQB7OecRVZmYQbVuwv5iUdLemA4vLjaFsAbgoSg+4pfOms7Ns9nItoJcmFpg==",
			"dependencies": {
				"lezer": "^0.13.0"
			}
		},
		"node_modules/lezer-html": {
			"version": "0.13.4",
			"resolved": "https://registry.npmjs.org/lezer-html/-/lezer-html-0.13.4.tgz",
			"integrity": "sha512-qBBEJO+pQ8jVFin/1C7lj7QFrr+pTzRmJDgKxaZqIHr7IKzq2jN+NXQVprru4g6l+2b0h4350wKeVGP9kLkq0A==",
			"dependencies": {
				"lezer": "^0.13.3"
			}
		},
		"node_modules/lezer-java": {
			"version": "0.13.2",
			"resolved": "https://registry.npmjs.org/lezer-java/-/lezer-java-0.13.2.tgz",
			"integrity": "sha512-+BMv172xMTK5zZK0O3BM8SbQ0NK7Z99O5/QWnwt46j6fTGr79HO4n/nuxzzCmq0mQFcweqV2x3QG/L/6zRb7dQ==",
			"dependencies": {
				"lezer": "^0.13.0"
			}
		},
		"node_modules/lezer-javascript": {
			"version": "0.13.3",
			"resolved": "https://registry.npmjs.org/lezer-javascript/-/lezer-javascript-0.13.3.tgz",
			"integrity": "sha512-YvTUZUZUk69nt6flmUaPuc/9yynsPqhbpqY6GXZK/8EH9/4X7B2AmMc86hk2yBGbTMrorou8ouV7neoDRk9khA==",
			"dependencies": {
				"lezer": "^0.13.0"
			}
		},
		"node_modules/lezer-json": {
			"version": "0.13.1",
			"resolved": "https://registry.npmjs.org/lezer-json/-/lezer-json-0.13.1.tgz",
			"integrity": "sha512-iXIXSjqa/+jmaDKD4yPgpwfwQlbOcu/IaFgZ+3dgo3oVtitEVlAJYcfw8g9ywJtae3CYQlyOX9mjyi0VCNPlNg==",
			"dependencies": {
				"lezer": "^0.13.0"
			}
		},
		"node_modules/lezer-markdown": {
			"version": "0.14.4",
			"resolved": "https://registry.npmjs.org/lezer-markdown/-/lezer-markdown-0.14.4.tgz",
			"integrity": "sha512-3sthPcQqKUHlkk1ceJZlzXOZ23ByRG2+aDbUAHZkQ5QitmRxNnm479OvaDTd+O59/sMJKkTx0p+udP50WRTuDQ==",
			"dependencies": {
				"lezer-html": "^0.13.0",
				"lezer-tree": "^0.13.0"
			}
		},
		"node_modules/lezer-python": {
			"version": "0.13.6",
			"resolved": "https://registry.npmjs.org/lezer-python/-/lezer-python-0.13.6.tgz",
			"integrity": "sha512-cUZSilL3BZ+ssDkvGSOdxfL0ioajEPijWuQ31Z5vAFW8Ons53d5FILYnxRcGhZlwmBnn4cDAtxZyny0K+l6AEw==",
			"dependencies": {
				"lezer": "^0.13.2"
			}
		},
		"node_modules/lezer-rust": {
			"version": "0.13.1",
			"resolved": "https://registry.npmjs.org/lezer-rust/-/lezer-rust-0.13.1.tgz",
			"integrity": "sha512-mn27bruCQfgKsyUV4vW/cUcUtZ0TjwNOFR299ZQxfxKSs4UUg0b6Jvu436ROYo5lxquKXf2BQdFWSttMoSlysg==",
			"dependencies": {
				"lezer": "^0.13.0"
			}
		},
		"node_modules/lezer-tree": {
			"version": "0.13.2",
			"resolved": "https://registry.npmjs.org/lezer-tree/-/lezer-tree-0.13.2.tgz",
			"integrity": "sha512-15ZxW8TxVNAOkHIo43Iouv4zbSkQQ5chQHBpwXcD2bBFz46RB4jYLEEww5l1V0xyIx9U2clSyyrLes+hAUFrGQ=="
		},
		"node_modules/lezer-xml": {
			"version": "0.13.4",
			"resolved": "https://registry.npmjs.org/lezer-xml/-/lezer-xml-0.13.4.tgz",
			"integrity": "sha512-mgA6ZfsxBWTG993vkVRonaHaSY4H78IChFI9+H6PiH8mJEG9OP2W1EiZmGbiv32OawF02vWzvTp3Lm3b9P1g9A==",
			"dependencies": {
				"lezer": "^0.13.3"
			}
		},
		"node_modules/style-mod": {
			"version": "4.0.0",
			"resolved": "https://registry.npmjs.org/style-mod/-/style-mod-4.0.0.tgz",
			"integrity": "sha512-OPhtyEjyyN9x3nhPsu76f52yUGXiZcgvsrFVtvTkyGRQJ0XK+GPc6ov1z+lRpbeabka+MYEQxOYRnt5nF30aMw=="
		},
		"node_modules/w3c-keyname": {
			"version": "2.2.4",
			"resolved": "https://registry.npmjs.org/w3c-keyname/-/w3c-keyname-2.2.4.tgz",
			"integrity": "sha512-tOhfEwEzFLJzf6d1ZPkYfGj+FWhIpBux9ppoP3rlclw3Z0BZv3N7b7030Z1kYth+6rDuAsXUFr+d0VE6Ed1ikw=="
		}
	},
	"dependencies": {
		"@codemirror/autocomplete": {
			"version": "0.18.5",
			"resolved": "https://registry.npmjs.org/@codemirror/autocomplete/-/autocomplete-0.18.5.tgz",
			"integrity": "sha512-Zp/HMTwvaP4B01HQx+5Ga0xBBLAwNaAlbALip355NPRBkYX9PZheX5b/F5IUAdI6kIrF2eYz1xAOChXgYg9maw==",
			"requires": {
				"@codemirror/language": "^0.18.0",
				"@codemirror/state": "^0.18.0",
				"@codemirror/text": "^0.18.0",
				"@codemirror/tooltip": "^0.18.4",
				"@codemirror/view": "^0.18.0",
				"lezer-tree": "^0.13.0"
			}
		},
		"@codemirror/highlight": {
			"version": "0.18.3",
			"resolved": "https://registry.npmjs.org/@codemirror/highlight/-/highlight-0.18.3.tgz",
			"integrity": "sha512-NmRmkmWl8ht6Y6Y39ghov84AMPCqhUPIH9fmILs2NaWxZFZf4jGCTzrULnmREGsTie+26+LbKUncIU+PBu1Qng==",
			"requires": {
				"@codemirror/language": "^0.18.0",
				"@codemirror/rangeset": "^0.18.0",
				"@codemirror/state": "^0.18.0",
				"@codemirror/view": "^0.18.0",
				"lezer-tree": "^0.13.0",
				"style-mod": "^4.0.0"
			}
		},
		"@codemirror/lang-cpp": {
			"version": "0.18.0",
			"resolved": "https://registry.npmjs.org/@codemirror/lang-cpp/-/lang-cpp-0.18.0.tgz",
			"integrity": "sha512-YWUXBtM1yPZmWz+CvLjz6JjKALq90hGSgFgWgOYJDHd92YZIQ7DjImaeZaKHFTG1ZE8RACoQzznPcG5XMGbgWQ==",
			"requires": {
				"@codemirror/highlight": "^0.18.0",
				"@codemirror/language": "^0.18.0",
				"lezer-cpp": "^0.13.0"
			}
		},
		"@codemirror/lang-css": {
			"version": "0.18.0",
			"resolved": "https://registry.npmjs.org/@codemirror/lang-css/-/lang-css-0.18.0.tgz",
			"integrity": "sha512-kkU4Ug387eJoCTDDkMbXrcPBMiJ0lFWbvDaFHIuJtrMgDXJzSQ/ehx6Ife5PUBfuLU/x1JQUBdmXhW1TJzfHug==",
			"requires": {
				"@codemirror/autocomplete": "^0.18.0",
				"@codemirror/highlight": "^0.18.0",
				"@codemirror/language": "^0.18.0",
				"@codemirror/state": "^0.18.0",
				"lezer-css": "^0.13.0"
			}
		},
		"@codemirror/lang-html": {
			"version": "0.18.0",
			"resolved": "https://registry.npmjs.org/@codemirror/lang-html/-/lang-html-0.18.0.tgz",
			"integrity": "sha512-KIY4fDV6/ZTgpVBTI2O09kefTqhfPBlaN6e7Lw1JlaYwPL4kXvfDgyWilIwwTDksiLhB8LPbpS50rh2drxpV+Q==",
			"requires": {
				"@codemirror/autocomplete": "^0.18.0",
				"@codemirror/highlight": "^0.18.0",
				"@codemirror/lang-css": "^0.18.0",
				"@codemirror/lang-javascript": "^0.18.0",
				"@codemirror/language": "^0.18.0",
				"@codemirror/state": "^0.18.0",
				"lezer-html": "^0.13.0",
				"lezer-tree": "^0.13.0"
			}
		},
		"@codemirror/lang-java": {
			"version": "0.18.0",
			"resolved": "https://registry.npmjs.org/@codemirror/lang-java/-/lang-java-0.18.0.tgz",
			"integrity": "sha512-+lPhCEfwZ+3L39cRNbeRFm/bDbHHAnz/7t+OIVdjD7tsXrOtmJw98B8Te1ICINKd02ot0QBvuCN3/KQUd0RZuQ==",
			"requires": {
				"@codemirror/highlight": "^0.18.0",
				"@codemirror/language": "^0.18.0",
				"lezer-java": "^0.13.0"
			}
		},
		"@codemirror/lang-javascript": {
			"version": "0.18.0",
			"resolved": "https://registry.npmjs.org/@codemirror/lang-javascript/-/lang-javascript-0.18.0.tgz",
			"integrity": "sha512-4KOkwXED9v39c17pIWoy+WKrNAYaKnAR/RRF8QZIqpuYjnMwGTe7GxMKKdq7E557fGzCVr7m34Qy7Gkhr5B41g==",
			"requires": {
				"@codemirror/autocomplete": "^0.18.0",
				"@codemirror/highlight": "^0.18.0",
				"@codemirror/language": "^0.18.0",
				"@codemirror/lint": "^0.18.0",
				"@codemirror/state": "^0.18.0",
				"@codemirror/view": "^0.18.0",
				"lezer-javascript": "^0.13.0"
			}
		},
		"@codemirror/lang-json": {
			"version": "0.18.0",
			"resolved": "https://registry.npmjs.org/@codemirror/lang-json/-/lang-json-0.18.0.tgz",
			"integrity": "sha512-1xquwhwrocZEcURmccMYk1C3g2oj6mu0np1LT1dDGmvd/VVXC0Z9j6NV78zCSyJCIdL2y+RRBh4LVWW6J6NU6Q==",
			"requires": {
				"@codemirror/highlight": "^0.18.0",
				"@codemirror/language": "^0.18.0",
				"lezer-json": "^0.13.0"
			}
		},
		"@codemirror/lang-markdown": {
			"version": "0.18.1",
			"resolved": "https://registry.npmjs.org/@codemirror/lang-markdown/-/lang-markdown-0.18.1.tgz",
			"integrity": "sha512-HthOPpA0zZivpScNno33KmFZbZ73JEwGeSNj5lKutyAyqSEpE4ALlVv0LdfI6YjzgtUH3MsctQyUhvZrJngKRQ==",
			"requires": {
				"@codemirror/highlight": "^0.18.0",
				"@codemirror/lang-html": "^0.18.0",
				"@codemirror/language": "^0.18.1",
				"@codemirror/state": "^0.18.0",
				"@codemirror/view": "^0.18.0",
				"lezer-markdown": "^0.14.3",
				"lezer-tree": "^0.13.0"
			}
		},
		"@codemirror/lang-python": {
			"version": "0.18.0",
			"resolved": "https://registry.npmjs.org/@codemirror/lang-python/-/lang-python-0.18.0.tgz",
			"integrity": "sha512-SZrt+TXD3uih4Cb8lTm7yt7JLIqehgI77PdGQXlPcYB/LHQdOuOPzXOXf8jqu/K+PRN72BFxfvb13teaxdERaQ==",
			"requires": {
				"@codemirror/highlight": "^0.18.0",
				"@codemirror/language": "^0.18.0",
				"lezer-python": "^0.13.0"
			}
		},
		"@codemirror/lang-rust": {
			"version": "0.18.0",
			"resolved": "https://registry.npmjs.org/@codemirror/lang-rust/-/lang-rust-0.18.0.tgz",
			"integrity": "sha512-qlzSzDmiUr4UsgQvyRSchMC4xZGX/1FfsikWOC/NL4m7peqlZLWrvzve0z/WNsLvbEC/E+GiiftxdUsqFYsJAg==",
			"requires": {
				"@codemirror/highlight": "^0.18.0",
				"@codemirror/language": "^0.18.0",
				"lezer-rust": "^0.13.0"
			}
		},
		"@codemirror/lang-sql": {
			"version": "0.18.0",
			"resolved": "https://registry.npmjs.org/@codemirror/lang-sql/-/lang-sql-0.18.0.tgz",
			"integrity": "sha512-jNzpfiZLo0vTv/7KoJ7mzukuDhUSh3p1csR8ZXhZolEhp9bXyN4BwravbfoiiAdsiX9N8w65yd03EIlBUL0zHQ==",
			"requires": {
				"@codemirror/autocomplete": "^0.18.0",
				"@codemirror/highlight": "^0.18.0",
				"@codemirror/language": "^0.18.0",
				"@codemirror/state": "^0.18.0",
				"lezer": "^0.13.0"
			}
		},
		"@codemirror/lang-xml": {
			"version": "0.18.0",
			"resolved": "https://registry.npmjs.org/@codemirror/lang-xml/-/lang-xml-0.18.0.tgz",
			"integrity": "sha512-zME4OKbi1oXFhCslUW2VxIPTJFUb102ZOxszzlYbqtwuxXZFAhf/273Wy3C2diAcILRySO7Pv1qxTPnoIsJYYg==",
			"requires": {
				"@codemirror/autocomplete": "^0.18.0",
				"@codemirror/highlight": "^0.18.0",
				"@codemirror/language": "^0.18.0",
				"@codemirror/state": "^0.18.0",
				"lezer-tree": "^0.13.0",
				"lezer-xml": "^0.13.0"
			}
		},
		"@codemirror/language": {
			"version": "0.18.1",
			"resolved": "https://registry.npmjs.org/@codemirror/language/-/language-0.18.1.tgz",
			"integrity": "sha512-j/TWV8sNmzU79kk/hPLb9NqSPoH59850kQSpgY11LxOEBlKVRKgaWabgNtUCSeVCAnfisGekupk3aq2ftILqug==",
			"requires": {
				"@codemirror/state": "^0.18.0",
				"@codemirror/text": "^0.18.0",
				"@codemirror/view": "^0.18.0",
				"lezer": "^0.13.4",
				"lezer-tree": "^0.13.0"
			}
		},
		"@codemirror/language-data": {
			"version": "0.18.0",
			"resolved": "https://registry.npmjs.org/@codemirror/language-data/-/language-data-0.18.0.tgz",
			"integrity": "sha512-tmdBV7KInrz/F4PSyy0CKOueETwuFxLnfa9KKPyhG8BbvwjriXAJalMvV4udRCq0AcpNej3ifzAitNtL+vW11A==",
			"requires": {
				"@codemirror/lang-cpp": "^0.18.0",
				"@codemirror/lang-css": "^0.18.0",
				"@codemirror/lang-html": "^0.18.0",
				"@codemirror/lang-java": "^0.18.0",
				"@codemirror/lang-javascript": "^0.18.0",
				"@codemirror/lang-json": "^0.18.0",
				"@codemirror/lang-markdown": "^0.18.0",
				"@codemirror/lang-python": "^0.18.0",
				"@codemirror/lang-rust": "^0.18.0",
				"@codemirror/lang-sql": "^0.18.0",
				"@codemirror/lang-xml": "^0.18.0",
				"@codemirror/language": "^0.18.0",
				"@codemirror/legacy-modes": "^0.18.0",
				"@codemirror/stream-parser": "^0.18.0"
			}
		},
		"@codemirror/legacy-modes": {
			"version": "0.18.0",
			"resolved": "https://registry.npmjs.org/@codemirror/legacy-modes/-/legacy-modes-0.18.0.tgz",
			"integrity": "sha512-ME/FnBTRf+nriCB1Racmwhl3tSSnIOobhLyK0kOX6mogKdcdkRxSVpeo1fAC8DddsXqi/NKRn8GUr/vUiHefdg==",
			"requires": {
				"@codemirror/stream-parser": "^0.18.0"
			}
		},
		"@codemirror/lint": {
			"version": "0.18.2",
			"resolved": "https://registry.npmjs.org/@codemirror/lint/-/lint-0.18.2.tgz",
			"integrity": "sha512-WUZdlWNqwF6OIJFD/n3Pfsi1R3eIYrAmnnFhfEBUI/ftBh8RqjqOoPJvctHm++re85cwWzXSSZgSWxzse11PSA==",
			"requires": {
				"@codemirror/panel": "^0.18.1",
				"@codemirror/state": "^0.18.0",
				"@codemirror/tooltip": "^0.18.4",
				"@codemirror/view": "^0.18.0",
				"crelt": "^1.0.5"
			}
		},
		"@codemirror/panel": {
			"version": "0.18.1",
			"resolved": "https://registry.npmjs.org/@codemirror/panel/-/panel-0.18.1.tgz",
			"integrity": "sha512-5Zo9cUw0QDlFzX4nhIDYjTARPOnPk5rzxAUQo1O35kTLV+6zRh7wsGlvU7VrZnBcIoaAmHfKrZ4lt6+h7fbFGw==",
			"requires": {
				"@codemirror/state": "^0.18.0",
				"@codemirror/view": "^0.18.0"
			}
		},
		"@codemirror/rangeset": {
			"version": "0.18.0",
			"resolved": "https://registry.npmjs.org/@codemirror/rangeset/-/rangeset-0.18.0.tgz",
			"integrity": "sha512-+dpK3T6EFv2vkoAc3sTZld0N5SHZDjD3YowFYuMWn0Xw3t+u6k+JZlGBuaFTXdsLeF0auclsm0XhRUpMVuXhTg==",
			"requires": {
				"@codemirror/state": "^0.18.0"
			}
		},
		"@codemirror/state": {
			"version": "0.18.7",
			"resolved": "https://registry.npmjs.org/@codemirror/state/-/state-0.18.7.tgz",
			"integrity": "sha512-cVyTiAC9vv90NKmGOfNtBjyIem3BqKui1L5Hfcxurp8K9votQj2oH9COcgWPnQ2Xs64yC70tEuTt9DF1pj5PFQ==",
			"requires": {
				"@codemirror/text": "^0.18.0"
			}
		},
		"@codemirror/stream-parser": {
			"version": "0.18.2",
			"resolved": "https://registry.npmjs.org/@codemirror/stream-parser/-/stream-parser-0.18.2.tgz",
			"integrity": "sha512-3RTRmhIixcC2ps/G8So+BL0qJkwaspjyYt4smVYlSn4eNbxGK9K2RCnSmOPRv0SkuQMu3oUFbprFI/SbtZrPKg==",
			"requires": {
				"@codemirror/highlight": "^0.18.0",
				"@codemirror/language": "^0.18.0",
				"@codemirror/state": "^0.18.0",
				"@codemirror/text": "^0.18.0",
				"lezer": "^0.13.0",
				"lezer-tree": "^0.13.0"
			}
		},
		"@codemirror/text": {
			"version": "0.18.0",
			"resolved": "https://registry.npmjs.org/@codemirror/text/-/text-0.18.0.tgz",
			"integrity": "sha512-HMzHNIAbjCiCf3tEJMRg6ul01KPuXxQGNiHlHgAnqPguq/CX+L4Nvj5JlWQAI91Pupk18zhmM1c6eaazX4YeTg=="
		},
		"@codemirror/tooltip": {
			"version": "0.18.4",
			"resolved": "https://registry.npmjs.org/@codemirror/tooltip/-/tooltip-0.18.4.tgz",
			"integrity": "sha512-LDlDOSEfjoG24uapLN7exK3Z3JchYFKUwWqo1x/9YdlAkmD1ik7cMSQZboCquP1uJVcXhtbpKmaO6vENGVaarg==",
			"requires": {
				"@codemirror/state": "^0.18.0",
				"@codemirror/view": "^0.18.0"
			}
		},
		"@codemirror/view": {
			"version": "0.18.8",
			"resolved": "https://registry.npmjs.org/@codemirror/view/-/view-0.18.8.tgz",
			"integrity": "sha512-vzP8oUBiLMbl5OCWUMGQdYtonk0tt9eUzi/xEDpYmo8Ao48/49fxPQUqBpUwy5Rcce9kUnkTi6r44iJKsEHpmg==",
			"requires": {
				"@codemirror/rangeset": "^0.18.0",
				"@codemirror/state": "^0.18.0",
				"@codemirror/text": "^0.18.0",
				"style-mod": "^4.0.0",
				"w3c-keyname": "^2.2.4"
			}
		},
		"crelt": {
			"version": "1.0.5",
			"resolved": "https://registry.npmjs.org/crelt/-/crelt-1.0.5.tgz",
			"integrity": "sha512-+BO9wPPi+DWTDcNYhr/W90myha8ptzftZT+LwcmUbbok0rcP/fequmFYCw8NMoH7pkAZQzU78b3kYrlua5a9eA=="
		},
		"lezer": {
			"version": "0.13.4",
			"resolved": "https://registry.npmjs.org/lezer/-/lezer-0.13.4.tgz",
			"integrity": "sha512-cLQxUVY28VBBqKBt/R8CYeH57KQnIvscAnoahzvhlZTK8qxMkIyGExR6ecEpYYDX06ZhROZrEm1IiPvjLAsTig==",
			"requires": {
				"lezer-tree": "^0.13.2"
			}
		},
		"lezer-cpp": {
			"version": "0.13.2",
			"resolved": "https://registry.npmjs.org/lezer-cpp/-/lezer-cpp-0.13.2.tgz",
			"integrity": "sha512-YVlFzs2jkX6nRBu5ivDm1b0pNLmPgQv0rXuLkDZyc+TSdAirtDixANlT00FCOLOGbxIS/1V2Rx5i4/X+lGgOKQ==",
			"requires": {
				"lezer": "^0.13.0"
			}
		},
		"lezer-css": {
			"version": "0.13.1",
			"resolved": "https://registry.npmjs.org/lezer-css/-/lezer-css-0.13.1.tgz",
			"integrity": "sha512-ke56tjG17IZ+EFiY50P2WinjhgZQB7OecRVZmYQbVuwv5iUdLemA4vLjaFsAbgoSg+4pfOms7Ns9nItoJcmFpg==",
			"requires": {
				"lezer": "^0.13.0"
			}
		},
		"lezer-html": {
			"version": "0.13.4",
			"resolved": "https://registry.npmjs.org/lezer-html/-/lezer-html-0.13.4.tgz",
			"integrity": "sha512-qBBEJO+pQ8jVFin/1C7lj7QFrr+pTzRmJDgKxaZqIHr7IKzq2jN+NXQVprru4g6l+2b0h4350wKeVGP9kLkq0A==",
			"requires": {
				"lezer": "^0.13.3"
			}
		},
		"lezer-java": {
			"version": "0.13.2",
			"resolved": "https://registry.npmjs.org/lezer-java/-/lezer-java-0.13.2.tgz",
			"integrity": "sha512-+BMv172xMTK5zZK0O3BM8SbQ0NK7Z99O5/QWnwt46j6fTGr79HO4n/nuxzzCmq0mQFcweqV2x3QG/L/6zRb7dQ==",
			"requires": {
				"lezer": "^0.13.0"
			}
		},
		"lezer-javascript": {
			"version": "0.13.3",
			"resolved": "https://registry.npmjs.org/lezer-javascript/-/lezer-javascript-0.13.3.tgz",
			"integrity": "sha512-YvTUZUZUk69nt6flmUaPuc/9yynsPqhbpqY6GXZK/8EH9/4X7B2AmMc86hk2yBGbTMrorou8ouV7neoDRk9khA==",
			"requires": {
				"lezer": "^0.13.0"
			}
		},
		"lezer-json": {
			"version": "0.13.1",
			"resolved": "https://registry.npmjs.org/lezer-json/-/lezer-json-0.13.1.tgz",
			"integrity": "sha512-iXIXSjqa/+jmaDKD4yPgpwfwQlbOcu/IaFgZ+3dgo3oVtitEVlAJYcfw8g9ywJtae3CYQlyOX9mjyi0VCNPlNg==",
			"requires": {
				"lezer": "^0.13.0"
			}
		},
		"lezer-markdown": {
			"version": "0.14.4",
			"resolved": "https://registry.npmjs.org/lezer-markdown/-/lezer-markdown-0.14.4.tgz",
			"integrity": "sha512-3sthPcQqKUHlkk1ceJZlzXOZ23ByRG2+aDbUAHZkQ5QitmRxNnm479OvaDTd+O59/sMJKkTx0p+udP50WRTuDQ==",
			"requires": {
				"lezer-html": "^0.13.0",
				"lezer-tree": "^0.13.0"
			}
		},
		"lezer-python": {
			"version": "0.13.6",
			"resolved": "https://registry.npmjs.org/lezer-python/-/lezer-python-0.13.6.tgz",
			"integrity": "sha512-cUZSilL3BZ+ssDkvGSOdxfL0ioajEPijWuQ31Z5vAFW8Ons53d5FILYnxRcGhZlwmBnn4cDAtxZyny0K+l6AEw==",
			"requires": {
				"lezer": "^0.13.2"
			}
		},
		"lezer-rust": {
			"version": "0.13.1",
			"resolved": "https://registry.npmjs.org/lezer-rust/-/lezer-rust-0.13.1.tgz",
			"integrity": "sha512-mn27bruCQfgKsyUV4vW/cUcUtZ0TjwNOFR299ZQxfxKSs4UUg0b6Jvu436ROYo5lxquKXf2BQdFWSttMoSlysg==",
			"requires": {
				"lezer": "^0.13.0"
			}
		},
		"lezer-tree": {
			"version": "0.13.2",
			"resolved": "https://registry.npmjs.org/lezer-tree/-/lezer-tree-0.13.2.tgz",
			"integrity": "sha512-15ZxW8TxVNAOkHIo43Iouv4zbSkQQ5chQHBpwXcD2bBFz46RB4jYLEEww5l1V0xyIx9U2clSyyrLes+hAUFrGQ=="
		},
		"lezer-xml": {
			"version": "0.13.4",
			"resolved": "https://registry.npmjs.org/lezer-xml/-/lezer-xml-0.13.4.tgz",
			"integrity": "sha512-mgA6ZfsxBWTG993vkVRonaHaSY4H78IChFI9+H6PiH8mJEG9OP2W1EiZmGbiv32OawF02vWzvTp3Lm3b9P1g9A==",
			"requires": {
				"lezer": "^0.13.3"
			}
		},
		"style-mod": {
			"version": "4.0.0",
			"resolved": "https://registry.npmjs.org/style-mod/-/style-mod-4.0.0.tgz",
			"integrity": "sha512-OPhtyEjyyN9x3nhPsu76f52yUGXiZcgvsrFVtvTkyGRQJ0XK+GPc6ov1z+lRpbeabka+MYEQxOYRnt5nF30aMw=="
		},
		"w3c-keyname": {
			"version": "2.2.4",
			"resolved": "https://registry.npmjs.org/w3c-keyname/-/w3c-keyname-2.2.4.tgz",
			"integrity": "sha512-tOhfEwEzFLJzf6d1ZPkYfGj+FWhIpBux9ppoP3rlclw3Z0BZv3N7b7030Z1kYth+6rDuAsXUFr+d0VE6Ed1ikw=="
		}
	}
}
