{
	"name": "cm-tarnation",
	"version": "0.0.0",
	"lockfileVersion": 2,
	"requires": true,
	"packages": {
		"": {
			"version": "0.0.0",
			"license": "agpl-3.0-or-later",
			"dependencies": {
				"@codemirror/highlight": "^0.18.3",
				"@codemirror/language": "^0.18.1",
				"@codemirror/state": "^0.18.7",
				"@codemirror/view": "^0.18.11",
				"is-what": "^4.0.0",
				"klona": "^2.0.4",
				"lezer": "^0.13.4",
				"lezer-tree": "^0.13.2"
			}
		},
		"node_modules/@codemirror/highlight": {
			"version": "0.18.3",
			"resolved": "https://registry.npmjs.org/@codemirror/highlight/-/highlight-0.18.3.tgz",
			"integrity": "sha512-NmRmkmWl8ht6Y6Y39ghov84AMPCqhUPIH9fmILs2NaWxZFZf4jGCTzrULnmREGsTie+26+LbKUncIU+PBu1Qng==",
			"dependencies": {
				"@codemirror/language": "^0.18.0",
				"@codemirror/rangeset": "^0.18.0",
				"@codemirror/state": "^0.18.0",
				"@codemirror/view": "^0.18.0",
				"lezer-tree": "^0.13.0",
				"style-mod": "^4.0.0"
			}
		},
		"node_modules/@codemirror/language": {
			"version": "0.18.1",
			"resolved": "https://registry.npmjs.org/@codemirror/language/-/language-0.18.1.tgz",
			"integrity": "sha512-j/TWV8sNmzU79kk/hPLb9NqSPoH59850kQSpgY11LxOEBlKVRKgaWabgNtUCSeVCAnfisGekupk3aq2ftILqug==",
			"dependencies": {
				"@codemirror/state": "^0.18.0",
				"@codemirror/text": "^0.18.0",
				"@codemirror/view": "^0.18.0",
				"lezer": "^0.13.4",
				"lezer-tree": "^0.13.0"
			}
		},
		"node_modules/@codemirror/rangeset": {
			"version": "0.18.0",
			"resolved": "https://registry.npmjs.org/@codemirror/rangeset/-/rangeset-0.18.0.tgz",
			"integrity": "sha512-+dpK3T6EFv2vkoAc3sTZld0N5SHZDjD3YowFYuMWn0Xw3t+u6k+JZlGBuaFTXdsLeF0auclsm0XhRUpMVuXhTg==",
			"dependencies": {
				"@codemirror/state": "^0.18.0"
			}
		},
		"node_modules/@codemirror/state": {
			"version": "0.18.7",
			"resolved": "https://registry.npmjs.org/@codemirror/state/-/state-0.18.7.tgz",
			"integrity": "sha512-cVyTiAC9vv90NKmGOfNtBjyIem3BqKui1L5Hfcxurp8K9votQj2oH9COcgWPnQ2Xs64yC70tEuTt9DF1pj5PFQ==",
			"license": "MIT",
			"dependencies": {
				"@codemirror/text": "^0.18.0"
			}
		},
		"node_modules/@codemirror/text": {
			"version": "0.18.0",
			"resolved": "https://registry.npmjs.org/@codemirror/text/-/text-0.18.0.tgz",
			"integrity": "sha512-HMzHNIAbjCiCf3tEJMRg6ul01KPuXxQGNiHlHgAnqPguq/CX+L4Nvj5JlWQAI91Pupk18zhmM1c6eaazX4YeTg=="
		},
		"node_modules/@codemirror/view": {
			"version": "0.18.11",
			"resolved": "https://registry.npmjs.org/@codemirror/view/-/view-0.18.11.tgz",
			"integrity": "sha512-hNWTEGTpfFk1tjUnq4VjREe77rQQiS2nnhK9CDvU2M44g7wtkCFLB8ymvNp+Swo21hfUix33o2MKBeb830961g==",
			"dependencies": {
				"@codemirror/rangeset": "^0.18.0",
				"@codemirror/state": "^0.18.0",
				"@codemirror/text": "^0.18.0",
				"style-mod": "^4.0.0",
				"w3c-keyname": "^2.2.4"
			}
		},
		"node_modules/is-what": {
			"version": "4.0.0",
			"resolved": "https://registry.npmjs.org/is-what/-/is-what-4.0.0.tgz",
			"integrity": "sha512-hzJwa+F7fBGYHwJwQqb3UL8YysL5i15pNYsh84s1D3og3Bl9ovFwDoAnV/vd4EPV6C5VnGgVcatFx/cZx4ubCQ==",
			"engines": {
				"node": ">=12.13",
				"npm": ">=7"
			}
		},
		"node_modules/klona": {
			"version": "2.0.4",
			"resolved": "https://registry.npmjs.org/klona/-/klona-2.0.4.tgz",
			"integrity": "sha512-ZRbnvdg/NxqzC7L9Uyqzf4psi1OM4Cuc+sJAkQPjO6XkQIJTNbfK2Rsmbw8fx1p2mkZdp2FZYo2+LwXYY/uwIA==",
			"engines": {
				"node": ">= 8"
			}
		},
		"node_modules/lezer": {
			"version": "0.13.4",
			"resolved": "https://registry.npmjs.org/lezer/-/lezer-0.13.4.tgz",
			"integrity": "sha512-cLQxUVY28VBBqKBt/R8CYeH57KQnIvscAnoahzvhlZTK8qxMkIyGExR6ecEpYYDX06ZhROZrEm1IiPvjLAsTig==",
			"dependencies": {
				"lezer-tree": "^0.13.2"
			}
		},
		"node_modules/lezer-tree": {
			"version": "0.13.2",
			"resolved": "https://registry.npmjs.org/lezer-tree/-/lezer-tree-0.13.2.tgz",
			"integrity": "sha512-15ZxW8TxVNAOkHIo43Iouv4zbSkQQ5chQHBpwXcD2bBFz46RB4jYLEEww5l1V0xyIx9U2clSyyrLes+hAUFrGQ=="
		},
		"node_modules/style-mod": {
			"version": "4.0.0",
			"resolved": "https://registry.npmjs.org/style-mod/-/style-mod-4.0.0.tgz",
			"integrity": "sha512-OPhtyEjyyN9x3nhPsu76f52yUGXiZcgvsrFVtvTkyGRQJ0XK+GPc6ov1z+lRpbeabka+MYEQxOYRnt5nF30aMw=="
		},
		"node_modules/w3c-keyname": {
			"version": "2.2.4",
			"resolved": "https://registry.npmjs.org/w3c-keyname/-/w3c-keyname-2.2.4.tgz",
			"integrity": "sha512-tOhfEwEzFLJzf6d1ZPkYfGj+FWhIpBux9ppoP3rlclw3Z0BZv3N7b7030Z1kYth+6rDuAsXUFr+d0VE6Ed1ikw=="
		}
	},
	"dependencies": {
		"@codemirror/highlight": {
			"version": "0.18.3",
			"resolved": "https://registry.npmjs.org/@codemirror/highlight/-/highlight-0.18.3.tgz",
			"integrity": "sha512-NmRmkmWl8ht6Y6Y39ghov84AMPCqhUPIH9fmILs2NaWxZFZf4jGCTzrULnmREGsTie+26+LbKUncIU+PBu1Qng==",
			"requires": {
				"@codemirror/language": "^0.18.0",
				"@codemirror/rangeset": "^0.18.0",
				"@codemirror/state": "^0.18.0",
				"@codemirror/view": "^0.18.0",
				"lezer-tree": "^0.13.0",
				"style-mod": "^4.0.0"
			}
		},
		"@codemirror/language": {
			"version": "0.18.1",
			"resolved": "https://registry.npmjs.org/@codemirror/language/-/language-0.18.1.tgz",
			"integrity": "sha512-j/TWV8sNmzU79kk/hPLb9NqSPoH59850kQSpgY11LxOEBlKVRKgaWabgNtUCSeVCAnfisGekupk3aq2ftILqug==",
			"requires": {
				"@codemirror/state": "^0.18.0",
				"@codemirror/text": "^0.18.0",
				"@codemirror/view": "^0.18.0",
				"lezer": "^0.13.4",
				"lezer-tree": "^0.13.0"
			}
		},
		"@codemirror/rangeset": {
			"version": "0.18.0",
			"resolved": "https://registry.npmjs.org/@codemirror/rangeset/-/rangeset-0.18.0.tgz",
			"integrity": "sha512-+dpK3T6EFv2vkoAc3sTZld0N5SHZDjD3YowFYuMWn0Xw3t+u6k+JZlGBuaFTXdsLeF0auclsm0XhRUpMVuXhTg==",
			"requires": {
				"@codemirror/state": "^0.18.0"
			}
		},
		"@codemirror/state": {
			"version": "0.18.7",
			"resolved": "https://registry.npmjs.org/@codemirror/state/-/state-0.18.7.tgz",
			"integrity": "sha512-cVyTiAC9vv90NKmGOfNtBjyIem3BqKui1L5Hfcxurp8K9votQj2oH9COcgWPnQ2Xs64yC70tEuTt9DF1pj5PFQ==",
			"requires": {
				"@codemirror/text": "^0.18.0"
			}
		},
		"@codemirror/text": {
			"version": "0.18.0",
			"resolved": "https://registry.npmjs.org/@codemirror/text/-/text-0.18.0.tgz",
			"integrity": "sha512-HMzHNIAbjCiCf3tEJMRg6ul01KPuXxQGNiHlHgAnqPguq/CX+L4Nvj5JlWQAI91Pupk18zhmM1c6eaazX4YeTg=="
		},
		"@codemirror/view": {
			"version": "0.18.11",
			"resolved": "https://registry.npmjs.org/@codemirror/view/-/view-0.18.11.tgz",
			"integrity": "sha512-hNWTEGTpfFk1tjUnq4VjREe77rQQiS2nnhK9CDvU2M44g7wtkCFLB8ymvNp+Swo21hfUix33o2MKBeb830961g==",
			"requires": {
				"@codemirror/rangeset": "^0.18.0",
				"@codemirror/state": "^0.18.0",
				"@codemirror/text": "^0.18.0",
				"style-mod": "^4.0.0",
				"w3c-keyname": "^2.2.4"
			}
		},
		"is-what": {
			"version": "4.0.0",
			"resolved": "https://registry.npmjs.org/is-what/-/is-what-4.0.0.tgz",
			"integrity": "sha512-hzJwa+F7fBGYHwJwQqb3UL8YysL5i15pNYsh84s1D3og3Bl9ovFwDoAnV/vd4EPV6C5VnGgVcatFx/cZx4ubCQ=="
		},
		"klona": {
			"version": "2.0.4",
			"resolved": "https://registry.npmjs.org/klona/-/klona-2.0.4.tgz",
			"integrity": "sha512-ZRbnvdg/NxqzC7L9Uyqzf4psi1OM4Cuc+sJAkQPjO6XkQIJTNbfK2Rsmbw8fx1p2mkZdp2FZYo2+LwXYY/uwIA=="
		},
		"lezer": {
			"version": "0.13.4",
			"resolved": "https://registry.npmjs.org/lezer/-/lezer-0.13.4.tgz",
			"integrity": "sha512-cLQxUVY28VBBqKBt/R8CYeH57KQnIvscAnoahzvhlZTK8qxMkIyGExR6ecEpYYDX06ZhROZrEm1IiPvjLAsTig==",
			"requires": {
				"lezer-tree": "^0.13.2"
			}
		},
		"lezer-tree": {
			"version": "0.13.2",
			"resolved": "https://registry.npmjs.org/lezer-tree/-/lezer-tree-0.13.2.tgz",
			"integrity": "sha512-15ZxW8TxVNAOkHIo43Iouv4zbSkQQ5chQHBpwXcD2bBFz46RB4jYLEEww5l1V0xyIx9U2clSyyrLes+hAUFrGQ=="
		},
		"style-mod": {
			"version": "4.0.0",
			"resolved": "https://registry.npmjs.org/style-mod/-/style-mod-4.0.0.tgz",
			"integrity": "sha512-OPhtyEjyyN9x3nhPsu76f52yUGXiZcgvsrFVtvTkyGRQJ0XK+GPc6ov1z+lRpbeabka+MYEQxOYRnt5nF30aMw=="
		},
		"w3c-keyname": {
			"version": "2.2.4",
			"resolved": "https://registry.npmjs.org/w3c-keyname/-/w3c-keyname-2.2.4.tgz",
			"integrity": "sha512-tOhfEwEzFLJzf6d1ZPkYfGj+FWhIpBux9ppoP3rlclw3Z0BZv3N7b7030Z1kYth+6rDuAsXUFr+d0VE6Ed1ikw=="
		}
	}
}
